
Microsoft Visual Studio Solution File, Format Version 12.00
# Visual Studio Version 16
VisualStudioVersion = 16.0.31205.134
MinimumVisualStudioVersion = 10.0.40219.1
Project("{FAE04EC0-301F-11D3-BF4B-00C04F79EFBC}") = "TRAININGAPI-6741", "TRAININGAPI\TRAININGAPI-6741.csproj", "{7CEC7585-A404-4D51-94F8-3D88D2AB6338}"
EndProject
Project("{FAE04EC0-301F-11D3-BF4B-00C04F79EFBC}") = "LionTech.Entity.TRAINING", "LionTech.Entity.TRAINING\LionTech.Entity.TRAINING.csproj", "{EC741F51-461A-4A61-A6F8-A5B7A77C4A85}"
EndProject
Project("{FAE04EC0-301F-11D3-BF4B-00C04F79EFBC}") = "LionTech.Utility.TRAINING", "LionTech.Utility.TRAINING\LionTech.Utility.TRAINING.csproj", "{4C8DD7CD-B8BB-467B-B80C-379079651C00}"
EndProject
Project("{FAE04EC0-301F-11D3-BF4B-00C04F79EFBC}") = "LionTech.Utility.ERP", "..\ERP\LionTech.Utility.ERP\LionTech.Utility.ERP.csproj", "{93C13370-6276-4D47-8291-275B7B3DADAC}"
EndProject
Project("{FAE04EC0-301F-11D3-BF4B-00C04F79EFBC}") = "LionTech.Entity.ERP", "..\ERP\LionTech.Entity.ERP\LionTech.Entity.ERP.csproj", "{EA6C03BB-26E5-4B26-9958-AE36C82E0579}"
EndProject
Global
	GlobalSection(SolutionConfigurationPlatforms) = preSolution
		Debug|Any CPU = Debug|Any CPU
		Release|Any CPU = Release|Any CPU
	EndGlobalSection
	GlobalSection(ProjectConfigurationPlatforms) = postSolution
		{7CEC7585-A404-4D51-94F8-3D88D2AB6338}.Debug|Any CPU.ActiveCfg = Debug|Any CPU
		{7CEC7585-A404-4D51-94F8-3D88D2AB6338}.Debug|Any CPU.Build.0 = Debug|Any CPU
		{7CEC7585-A404-4D51-94F8-3D88D2AB6338}.Release|Any CPU.ActiveCfg = Release|Any CPU
		{7CEC7585-A404-4D51-94F8-3D88D2AB6338}.Release|Any CPU.Build.0 = Release|Any CPU
		{EC741F51-461A-4A61-A6F8-A5B7A77C4A85}.Debug|Any CPU.ActiveCfg = Debug|Any CPU
		{EC741F51-461A-4A61-A6F8-A5B7A77C4A85}.Debug|Any CPU.Build.0 = Debug|Any CPU
		{EC741F51-461A-4A61-A6F8-A5B7A77C4A85}.Release|Any CPU.ActiveCfg = Release|Any CPU
		{EC741F51-461A-4A61-A6F8-A5B7A77C4A85}.Release|Any CPU.Build.0 = Release|Any CPU
		{4C8DD7CD-B8BB-467B-B80C-379079651C00}.Debug|Any CPU.ActiveCfg = Debug|Any CPU
		{4C8DD7CD-B8BB-467B-B80C-379079651C00}.Debug|Any CPU.Build.0 = Debug|Any CPU
		{4C8DD7CD-B8BB-467B-B80C-379079651C00}.Release|Any CPU.ActiveCfg = Release|Any CPU
		{4C8DD7CD-B8BB-467B-B80C-379079651C00}.Release|Any CPU.Build.0 = Release|Any CPU
		{93C13370-6276-4D47-8291-275B7B3DADAC}.Debug|Any CPU.ActiveCfg = Debug|Any CPU
		{93C13370-6276-4D47-8291-275B7B3DADAC}.Debug|Any CPU.Build.0 = Debug|Any CPU
		{93C13370-6276-4D47-8291-275B7B3DADAC}.Release|Any CPU.ActiveCfg = Release|Any CPU
		{93C13370-6276-4D47-8291-275B7B3DADAC}.Release|Any CPU.Build.0 = Release|Any CPU
		{EA6C03BB-26E5-4B26-9958-AE36C82E0579}.Debug|Any CPU.ActiveCfg = Debug|Any CPU
		{EA6C03BB-26E5-4B26-9958-AE36C82E0579}.Debug|Any CPU.Build.0 = Debug|Any CPU
		{EA6C03BB-26E5-4B26-9958-AE36C82E0579}.Release|Any CPU.ActiveCfg = Release|Any CPU
		{EA6C03BB-26E5-4B26-9958-AE36C82E0579}.Release|Any CPU.Build.0 = Release|Any CPU
	EndGlobalSection
	GlobalSection(SolutionProperties) = preSolution
		HideSolutionNode = FALSE
	EndGlobalSection
	GlobalSection(ExtensibilityGlobals) = postSolution
		SolutionGuid = {0E352603-2E57-4AD3-955D-AE024FAD5F59}
	EndGlobalSection
EndGlobal
