
Microsoft Visual Studio Solution File, Format Version 12.00
# Visual Studio 15
VisualStudioVersion = 15.0.27130.2036
MinimumVisualStudioVersion = 10.0.40219.1
Project("{FAE04EC0-301F-11D3-BF4B-00C04F79EFBC}") = "B2PAP-7777", "B2PAP\B2PAP-7777.csproj", "{5A71B038-48D8-4C8A-83BC-A36BA5BB3EF0}"
EndProject
Project("{FAE04EC0-301F-11D3-BF4B-00C04F79EFBC}") = "LionTech.Entity.B2P", "LionTech.Entity.B2P\LionTech.Entity.B2P.csproj", "{30F4FEAD-5F4B-4F78-8F41-3BC65013FDFE}"
EndProject
Project("{FAE04EC0-301F-11D3-BF4B-00C04F79EFBC}") = "LionTech.Utility.B2P", "LionTech.Utility.B2P\LionTech.Utility.B2P.csproj", "{3A08C1E2-370A-4C21-BE8B-512A0E388A64}"
EndProject
Global
	GlobalSection(SolutionConfigurationPlatforms) = preSolution
		Debug|Any CPU = Debug|Any CPU
		Release|Any CPU = Release|Any CPU
	EndGlobalSection
	GlobalSection(ProjectConfigurationPlatforms) = postSolution
		{5A71B038-48D8-4C8A-83BC-A36BA5BB3EF0}.Debug|Any CPU.ActiveCfg = Debug|Any CPU
		{5A71B038-48D8-4C8A-83BC-A36BA5BB3EF0}.Debug|Any CPU.Build.0 = Debug|Any CPU
		{5A71B038-48D8-4C8A-83BC-A36BA5BB3EF0}.Release|Any CPU.ActiveCfg = Release|Any CPU
		{5A71B038-48D8-4C8A-83BC-A36BA5BB3EF0}.Release|Any CPU.Build.0 = Release|Any CPU
		{30F4FEAD-5F4B-4F78-8F41-3BC65013FDFE}.Debug|Any CPU.ActiveCfg = Debug|Any CPU
		{30F4FEAD-5F4B-4F78-8F41-3BC65013FDFE}.Debug|Any CPU.Build.0 = Debug|Any CPU
		{30F4FEAD-5F4B-4F78-8F41-3BC65013FDFE}.Release|Any CPU.ActiveCfg = Release|Any CPU
		{30F4FEAD-5F4B-4F78-8F41-3BC65013FDFE}.Release|Any CPU.Build.0 = Release|Any CPU
		{3A08C1E2-370A-4C21-BE8B-512A0E388A64}.Debug|Any CPU.ActiveCfg = Debug|Any CPU
		{3A08C1E2-370A-4C21-BE8B-512A0E388A64}.Debug|Any CPU.Build.0 = Debug|Any CPU
		{3A08C1E2-370A-4C21-BE8B-512A0E388A64}.Release|Any CPU.ActiveCfg = Release|Any CPU
		{3A08C1E2-370A-4C21-BE8B-512A0E388A64}.Release|Any CPU.Build.0 = Release|Any CPU
	EndGlobalSection
	GlobalSection(SolutionProperties) = preSolution
		HideSolutionNode = FALSE
	EndGlobalSection
	GlobalSection(ExtensibilityGlobals) = postSolution
		SolutionGuid = {FB720D7B-0968-4872-821E-2D17D09A0850}
	EndGlobalSection
EndGlobal
